// !$*UTF8*$!
{
	archiveVersion = 1;
	classes = {
	};
	objectVersion = 77;
	objects = {

/* Begin PBXBuildFile section */
		0A1001012C20000000000001 /* Org2MobileApp.swift in Sources */ = {isa = PBXBuildFile; fileRef = 0A1002012C20000000000001 /* Org2MobileApp.swift */; };
		0A1001022C20000000000001 /* ContentView.swift in Sources */ = {isa = PBXBuildFile; fileRef = 0A1002022C20000000000001 /* ContentView.swift */; };
		0A1001032C20000000000001 /* Models.swift in Sources */ = {isa = PBXBuildFile; fileRef = 0A1002032C20000000000001 /* Models.swift */; };
		0A1001042C20000000000001 /* OrgParser.swift in Sources */ = {isa = PBXBuildFile; fileRef = 0A1002042C20000000000001 /* OrgParser.swift */; };
		0A1001052C20000000000001 /* CorpusStore.swift in Sources */ = {isa = PBXBuildFile; fileRef = 0A1002052C20000000000001 /* CorpusStore.swift */; };
		0A1001062C20000000000001 /* DocumentPicker.swift in Sources */ = {isa = PBXBuildFile; fileRef = 0A1002062C20000000000001 /* DocumentPicker.swift */; };
		0A1001072C20000000000001 /* Assets.xcassets in Resources */ = {isa = PBXBuildFile; fileRef = 0A1002072C20000000000001 /* Assets.xcassets */; };
		0A1001082C20000000000001 /* LaunchScreen.storyboard in Resources */ = {isa = PBXBuildFile; fileRef = 0A1002082C20000000000001 /* LaunchScreen.storyboard */; };
		0A1001092C20000000000001 /* MobileCaptureSupport.swift in Sources */ = {isa = PBXBuildFile; fileRef = 0A1002092C20000000000001 /* MobileCaptureSupport.swift */; };
		0A10010A2C20000000000001 /* MobileCaptureSupport.swift in Sources */ = {isa = PBXBuildFile; fileRef = 0A1002092C20000000000001 /* MobileCaptureSupport.swift */; };
		0A10010B2C20000000000001 /* ShareViewController.swift in Sources */ = {isa = PBXBuildFile; fileRef = 0A10020C2C20000000000001 /* ShareViewController.swift */; };
		0A10010C2C20000000000001 /* Org2ShareExtension.appex in Embed App Extensions */ = {isa = PBXBuildFile; fileRef = 0A10020E2C20000000000001 /* Org2ShareExtension.appex */; settings = {ATTRIBUTES = (RemoveHeadersOnCopy, ); }; };
		0A10010D2C20000000000001 /* MobileRemoteModels.swift in Sources */ = {isa = PBXBuildFile; fileRef = 0A10020F2C20000000000001 /* MobileRemoteModels.swift */; };
		0A10010E2C20000000000001 /* MobileRemoteClient.swift in Sources */ = {isa = PBXBuildFile; fileRef = 0A1002102C20000000000001 /* MobileRemoteClient.swift */; };
		0A10010F2C20000000000001 /* MobileRemoteStore.swift in Sources */ = {isa = PBXBuildFile; fileRef = 0A1002112C20000000000001 /* MobileRemoteStore.swift */; };
		0A1001102C20000000000001 /* MobileRemoteViews.swift in Sources */ = {isa = PBXBuildFile; fileRef = 0A1002122C20000000000001 /* MobileRemoteViews.swift */; };
		0A1001112C20000000000001 /* MobileVoiceTranscriber.swift in Sources */ = {isa = PBXBuildFile; fileRef = 0A1002132C20000000000001 /* MobileVoiceTranscriber.swift */; };
/* End PBXBuildFile section */

/* Begin PBXContainerItemProxy section */
		0A100E012C20000000000001 /* PBXContainerItemProxy */ = {
			isa = PBXContainerItemProxy;
			containerPortal = 0A100A012C20000000000001 /* Project object */;
			proxyType = 1;
			remoteGlobalIDString = 0A1006022C20000000000001;
			remoteInfo = Org2ShareExtension;
		};
/* End PBXContainerItemProxy section */

/* Begin PBXCopyFilesBuildPhase section */
		0A10090B2C20000000000001 /* Embed App Extensions */ = {
			isa = PBXCopyFilesBuildPhase;
			buildActionMask = 2147483647;
			dstPath = "";
			dstSubfolderSpec = 13;
			files = (
				0A10010C2C20000000000001 /* Org2ShareExtension.appex in Embed App Extensions */,
			);
			name = "Embed App Extensions";
			runOnlyForDeploymentPostprocessing = 0;
		};
/* End PBXCopyFilesBuildPhase section */

/* Begin PBXFileReference section */
		0A1000012C20000000000001 /* Org2Mobile.app */ = {isa = PBXFileReference; explicitFileType = wrapper.application; includeInIndex = 0; path = Org2Mobile.app; sourceTree = BUILT_PRODUCTS_DIR; };
		0A1002012C20000000000001 /* Org2MobileApp.swift */ = {isa = PBXFileReference; lastKnownFileType = sourcecode.swift; path = Org2MobileApp.swift; sourceTree = "<group>"; };
		0A1002022C20000000000001 /* ContentView.swift */ = {isa = PBXFileReference; lastKnownFileType = sourcecode.swift; path = ContentView.swift; sourceTree = "<group>"; };
		0A1002032C20000000000001 /* Models.swift */ = {isa = PBXFileReference; lastKnownFileType = sourcecode.swift; path = Models.swift; sourceTree = "<group>"; };
		0A1002042C20000000000001 /* OrgParser.swift */ = {isa = PBXFileReference; lastKnownFileType = sourcecode.swift; path = OrgParser.swift; sourceTree = "<group>"; };
		0A1002052C20000000000001 /* CorpusStore.swift */ = {isa = PBXFileReference; lastKnownFileType = sourcecode.swift; path = CorpusStore.swift; sourceTree = "<group>"; };
		0A1002062C20000000000001 /* DocumentPicker.swift */ = {isa = PBXFileReference; lastKnownFileType = sourcecode.swift; path = DocumentPicker.swift; sourceTree = "<group>"; };
		0A1002072C20000000000001 /* Assets.xcassets */ = {isa = PBXFileReference; lastKnownFileType = folder.assetcatalog; path = Assets.xcassets; sourceTree = "<group>"; };
		0A1002082C20000000000001 /* LaunchScreen.storyboard */ = {isa = PBXFileReference; lastKnownFileType = file.storyboard; path = LaunchScreen.storyboard; sourceTree = "<group>"; };
		0A1002092C20000000000001 /* MobileCaptureSupport.swift */ = {isa = PBXFileReference; lastKnownFileType = sourcecode.swift; path = MobileCaptureSupport.swift; sourceTree = "<group>"; };
		0A10020A2C20000000000001 /* Org2Mobile.entitlements */ = {isa = PBXFileReference; lastKnownFileType = text.plist.entitlements; path = Org2Mobile.entitlements; sourceTree = "<group>"; };
		0A10020B2C20000000000001 /* Org2ShareExtension.entitlements */ = {isa = PBXFileReference; lastKnownFileType = text.plist.entitlements; path = Org2ShareExtension.entitlements; sourceTree = "<group>"; };
		0A10020C2C20000000000001 /* ShareViewController.swift */ = {isa = PBXFileReference; lastKnownFileType = sourcecode.swift; path = ShareViewController.swift; sourceTree = "<group>"; };
		0A10020D2C20000000000001 /* Info.plist */ = {isa = PBXFileReference; lastKnownFileType = text.plist.xml; path = Info.plist; sourceTree = "<group>"; };
		0A10020E2C20000000000001 /* Org2ShareExtension.appex */ = {isa = PBXFileReference; explicitFileType = "wrapper.app-extension"; includeInIndex = 0; path = Org2ShareExtension.appex; sourceTree = BUILT_PRODUCTS_DIR; };
		0A10020F2C20000000000001 /* MobileRemoteModels.swift */ = {isa = PBXFileReference; lastKnownFileType = sourcecode.swift; path = MobileRemoteModels.swift; sourceTree = "<group>"; };
		0A1002102C20000000000001 /* MobileRemoteClient.swift */ = {isa = PBXFileReference; lastKnownFileType = sourcecode.swift; path = MobileRemoteClient.swift; sourceTree = "<group>"; };
		0A1002112C20000000000001 /* MobileRemoteStore.swift */ = {isa = PBXFileReference; lastKnownFileType = sourcecode.swift; path = MobileRemoteStore.swift; sourceTree = "<group>"; };
		0A1002122C20000000000001 /* MobileRemoteViews.swift */ = {isa = PBXFileReference; lastKnownFileType = sourcecode.swift; path = MobileRemoteViews.swift; sourceTree = "<group>"; };
		0A1002132C20000000000001 /* MobileVoiceTranscriber.swift */ = {isa = PBXFileReference; lastKnownFileType = sourcecode.swift; path = MobileVoiceTranscriber.swift; sourceTree = "<group>"; };
/* End PBXFileReference section */

/* Begin PBXFrameworksBuildPhase section */
		0A1003012C20000000000001 /* Frameworks */ = {
			isa = PBXFrameworksBuildPhase;
			buildActionMask = 2147483647;
			files = (
			);
			runOnlyForDeploymentPostprocessing = 0;
		};
		0A1003022C20000000000001 /* Frameworks */ = {
			isa = PBXFrameworksBuildPhase;
			buildActionMask = 2147483647;
			files = (
			);
			runOnlyForDeploymentPostprocessing = 0;
		};
/* End PBXFrameworksBuildPhase section */

/* Begin PBXGroup section */
		0A1004012C20000000000001 = {
			isa = PBXGroup;
			children = (
				0A1005012C20000000000001 /* Org2Mobile */,
				0A1005022C20000000000001 /* Org2ShareExtension */,
				0A1004022C20000000000001 /* Products */,
			);
			sourceTree = "<group>";
		};
		0A1004022C20000000000001 /* Products */ = {
			isa = PBXGroup;
			children = (
				0A1000012C20000000000001 /* Org2Mobile.app */,
				0A10020E2C20000000000001 /* Org2ShareExtension.appex */,
			);
			name = Products;
			sourceTree = "<group>";
		};
		0A1005012C20000000000001 /* Org2Mobile */ = {
			isa = PBXGroup;
			children = (
				0A1002012C20000000000001 /* Org2MobileApp.swift */,
				0A1002022C20000000000001 /* ContentView.swift */,
				0A1002032C20000000000001 /* Models.swift */,
				0A1002092C20000000000001 /* MobileCaptureSupport.swift */,
				0A10020F2C20000000000001 /* MobileRemoteModels.swift */,
				0A1002102C20000000000001 /* MobileRemoteClient.swift */,
				0A1002112C20000000000001 /* MobileRemoteStore.swift */,
				0A1002122C20000000000001 /* MobileRemoteViews.swift */,
				0A1002132C20000000000001 /* MobileVoiceTranscriber.swift */,
				0A1002042C20000000000001 /* OrgParser.swift */,
				0A1002052C20000000000001 /* CorpusStore.swift */,
				0A1002062C20000000000001 /* DocumentPicker.swift */,
				0A1002082C20000000000001 /* LaunchScreen.storyboard */,
				0A1002072C20000000000001 /* Assets.xcassets */,
				0A10020A2C20000000000001 /* Org2Mobile.entitlements */,
			);
			path = Org2Mobile;
			sourceTree = "<group>";
		};
		0A1005022C20000000000001 /* Org2ShareExtension */ = {
			isa = PBXGroup;
			children = (
				0A10020C2C20000000000001 /* ShareViewController.swift */,
				0A10020D2C20000000000001 /* Info.plist */,
				0A10020B2C20000000000001 /* Org2ShareExtension.entitlements */,
			);
			path = Org2ShareExtension;
			sourceTree = "<group>";
		};
/* End PBXGroup section */

/* Begin PBXNativeTarget section */
		0A1006012C20000000000001 /* Org2Mobile */ = {
			isa = PBXNativeTarget;
			buildConfigurationList = 0A1007012C20000000000001 /* Build configuration list for PBXNativeTarget "Org2Mobile" */;
			buildPhases = (
				0A1008012C20000000000001 /* Sources */,
				0A1003012C20000000000001 /* Frameworks */,
				0A1009012C20000000000001 /* Resources */,
				0A10090B2C20000000000001 /* Embed App Extensions */,
			);
			buildRules = (
			);
			dependencies = (
				0A100F012C20000000000001 /* PBXTargetDependency */,
			);
			name = Org2Mobile;
			productName = Org2Mobile;
			productReference = 0A1000012C20000000000001 /* Org2Mobile.app */;
			productType = "com.apple.product-type.application";
		};
		0A1006022C20000000000001 /* Org2ShareExtension */ = {
			isa = PBXNativeTarget;
			buildConfigurationList = 0A1007022C20000000000001 /* Build configuration list for PBXNativeTarget "Org2ShareExtension" */;
			buildPhases = (
				0A1008022C20000000000001 /* Sources */,
				0A1003022C20000000000001 /* Frameworks */,
				0A10090A2C20000000000001 /* Resources */,
			);
			buildRules = (
			);
			dependencies = (
			);
			name = Org2ShareExtension;
			productName = Org2ShareExtension;
			productReference = 0A10020E2C20000000000001 /* Org2ShareExtension.appex */;
			productType = "com.apple.product-type.app-extension";
		};
/* End PBXNativeTarget section */

/* Begin PBXProject section */
		0A100A012C20000000000001 /* Project object */ = {
			isa = PBXProject;
			attributes = {
				BuildIndependentTargetsInParallel = 1;
				LastSwiftUpdateCheck = 1630;
				LastUpgradeCheck = 1630;
				TargetAttributes = {
					0A1006012C20000000000001 = {
						CreatedOnToolsVersion = 16.3;
					};
					0A1006022C20000000000001 = {
						CreatedOnToolsVersion = 16.3;
					};
				};
			};
			buildConfigurationList = 0A100B012C20000000000001 /* Build configuration list for PBXProject "Org2Mobile" */;
			developmentRegion = en;
			hasScannedForEncodings = 0;
			knownRegions = (
				en,
				Base,
			);
			mainGroup = 0A1004012C20000000000001;
			minimizedProjectReferenceProxies = 1;
			preferredProjectObjectVersion = 77;
			productRefGroup = 0A1004022C20000000000001 /* Products */;
			projectDirPath = "";
			projectRoot = "";
			targets = (
				0A1006012C20000000000001 /* Org2Mobile */,
				0A1006022C20000000000001 /* Org2ShareExtension */,
			);
		};
/* End PBXProject section */

/* Begin PBXResourcesBuildPhase section */
		0A1009012C20000000000001 /* Resources */ = {
			isa = PBXResourcesBuildPhase;
			buildActionMask = 2147483647;
			files = (
				0A1001082C20000000000001 /* LaunchScreen.storyboard in Resources */,
				0A1001072C20000000000001 /* Assets.xcassets in Resources */,
			);
			runOnlyForDeploymentPostprocessing = 0;
		};
		0A10090A2C20000000000001 /* Resources */ = {
			isa = PBXResourcesBuildPhase;
			buildActionMask = 2147483647;
			files = (
			);
			runOnlyForDeploymentPostprocessing = 0;
		};
/* End PBXResourcesBuildPhase section */

/* Begin PBXSourcesBuildPhase section */
		0A1008012C20000000000001 /* Sources */ = {
			isa = PBXSourcesBuildPhase;
			buildActionMask = 2147483647;
			files = (
				0A1001012C20000000000001 /* Org2MobileApp.swift in Sources */,
				0A1001022C20000000000001 /* ContentView.swift in Sources */,
				0A1001032C20000000000001 /* Models.swift in Sources */,
				0A1001092C20000000000001 /* MobileCaptureSupport.swift in Sources */,
				0A10010D2C20000000000001 /* MobileRemoteModels.swift in Sources */,
				0A10010E2C20000000000001 /* MobileRemoteClient.swift in Sources */,
				0A10010F2C20000000000001 /* MobileRemoteStore.swift in Sources */,
				0A1001102C20000000000001 /* MobileRemoteViews.swift in Sources */,
				0A1001112C20000000000001 /* MobileVoiceTranscriber.swift in Sources */,
				0A1001042C20000000000001 /* OrgParser.swift in Sources */,
				0A1001052C20000000000001 /* CorpusStore.swift in Sources */,
				0A1001062C20000000000001 /* DocumentPicker.swift in Sources */,
			);
			runOnlyForDeploymentPostprocessing = 0;
		};
		0A1008022C20000000000001 /* Sources */ = {
			isa = PBXSourcesBuildPhase;
			buildActionMask = 2147483647;
			files = (
				0A10010A2C20000000000001 /* MobileCaptureSupport.swift in Sources */,
				0A10010B2C20000000000001 /* ShareViewController.swift in Sources */,
			);
			runOnlyForDeploymentPostprocessing = 0;
		};
/* End PBXSourcesBuildPhase section */

/* Begin PBXTargetDependency section */
		0A100F012C20000000000001 /* PBXTargetDependency */ = {
			isa = PBXTargetDependency;
			target = 0A1006022C20000000000001 /* Org2ShareExtension */;
			targetProxy = 0A100E012C20000000000001 /* PBXContainerItemProxy */;
		};
/* End PBXTargetDependency section */

/* Begin XCBuildConfiguration section */
		0A100C012C20000000000001 /* Debug */ = {
			isa = XCBuildConfiguration;
			buildSettings = {
				ALWAYS_SEARCH_USER_PATHS = NO;
				ASSETCATALOG_COMPILER_GENERATE_SWIFT_ASSET_SYMBOL_EXTENSIONS = YES;
				CLANG_ANALYZER_NONNULL = YES;
				CLANG_ANALYZER_NUMBER_OBJECT_CONVERSION = YES_AGGRESSIVE;
				CLANG_CXX_LANGUAGE_STANDARD = "gnu++20";
				CLANG_ENABLE_MODULES = YES;
				CLANG_ENABLE_OBJC_ARC = YES;
				CLANG_ENABLE_OBJC_WEAK = YES;
				CLANG_WARN_BLOCK_CAPTURE_AUTORELEASING = YES;
				CLANG_WARN_BOOL_CONVERSION = YES;
				CLANG_WARN_COMMA = YES;
				CLANG_WARN_CONSTANT_CONVERSION = YES;
				CLANG_WARN_DEPRECATED_OBJC_IMPLEMENTATIONS = YES;
				CLANG_WARN_DIRECT_OBJC_ISA_USAGE = YES_ERROR;
				CLANG_WARN_DOCUMENTATION_COMMENTS = YES;
				CLANG_WARN_EMPTY_BODY = YES;
				CLANG_WARN_ENUM_CONVERSION = YES;
				CLANG_WARN_INFINITE_RECURSION = YES;
				CLANG_WARN_INT_CONVERSION = YES;
				CLANG_WARN_NON_LITERAL_NULL_CONVERSION = YES;
				CLANG_WARN_OBJC_IMPLICIT_RETAIN_SELF = YES;
				CLANG_WARN_OBJC_LITERAL_CONVERSION = YES;
				CLANG_WARN_OBJC_ROOT_CLASS = YES_ERROR;
				CLANG_WARN_QUOTED_INCLUDE_IN_FRAMEWORK_HEADER = YES;
				CLANG_WARN_RANGE_LOOP_ANALYSIS = YES;
				CLANG_WARN_STRICT_PROTOTYPES = YES;
				CLANG_WARN_SUSPICIOUS_MOVE = YES;
				CLANG_WARN_UNGUARDED_AVAILABILITY = YES_AGGRESSIVE;
				CLANG_WARN_UNREACHABLE_CODE = YES;
				CLANG_WARN__DUPLICATE_METHOD_MATCH = YES;
				COPY_PHASE_STRIP = NO;
				DEBUG_INFORMATION_FORMAT = dwarf;
				ENABLE_STRICT_OBJC_MSGSEND = YES;
				ENABLE_TESTABILITY = YES;
				ENABLE_USER_SCRIPT_SANDBOXING = YES;
				GCC_C_LANGUAGE_STANDARD = gnu17;
				GCC_DYNAMIC_NO_PIC = NO;
				GCC_NO_COMMON_BLOCKS = YES;
				GCC_OPTIMIZATION_LEVEL = 0;
				GCC_PREPROCESSOR_DEFINITIONS = (
					"DEBUG=1",
					"$(inherited)",
				);
				GCC_WARN_64_TO_32_BIT_CONVERSION = YES;
				GCC_WARN_ABOUT_RETURN_TYPE = YES_ERROR;
				GCC_WARN_UNDECLARED_SELECTOR = YES;
				GCC_WARN_UNINITIALIZED_AUTOS = YES_AGGRESSIVE;
				GCC_WARN_UNUSED_FUNCTION = YES;
				GCC_WARN_UNUSED_VARIABLE = YES;
				IPHONEOS_DEPLOYMENT_TARGET = 17.0;
				LOCALIZATION_PREFERS_STRING_CATALOGS = YES;
				MTL_ENABLE_DEBUG_INFO = INCLUDE_SOURCE;
				MTL_FAST_MATH = YES;
				ONLY_ACTIVE_ARCH = YES;
				SDKROOT = iphoneos;
				SWIFT_ACTIVE_COMPILATION_CONDITIONS = "DEBUG $(inherited)";
				SWIFT_OPTIMIZATION_LEVEL = "-Onone";
			};
			name = Debug;
		};
		0A100C022C20000000000001 /* Release */ = {
			isa = XCBuildConfiguration;
			buildSettings = {
				ALWAYS_SEARCH_USER_PATHS = NO;
				ASSETCATALOG_COMPILER_GENERATE_SWIFT_ASSET_SYMBOL_EXTENSIONS = YES;
				CLANG_ANALYZER_NONNULL = YES;
				CLANG_ANALYZER_NUMBER_OBJECT_CONVERSION = YES_AGGRESSIVE;
				CLANG_CXX_LANGUAGE_STANDARD = "gnu++20";
				CLANG_ENABLE_MODULES = YES;
				CLANG_ENABLE_OBJC_ARC = YES;
				CLANG_ENABLE_OBJC_WEAK = YES;
				CLANG_WARN_BLOCK_CAPTURE_AUTORELEASING = YES;
				CLANG_WARN_BOOL_CONVERSION = YES;
				CLANG_WARN_COMMA = YES;
				CLANG_WARN_CONSTANT_CONVERSION = YES;
				CLANG_WARN_DEPRECATED_OBJC_IMPLEMENTATIONS = YES;
				CLANG_WARN_DIRECT_OBJC_ISA_USAGE = YES_ERROR;
				CLANG_WARN_DOCUMENTATION_COMMENTS = YES;
				CLANG_WARN_EMPTY_BODY = YES;
				CLANG_WARN_ENUM_CONVERSION = YES;
				CLANG_WARN_INFINITE_RECURSION = YES;
				CLANG_WARN_INT_CONVERSION = YES;
				CLANG_WARN_NON_LITERAL_NULL_CONVERSION = YES;
				CLANG_WARN_OBJC_IMPLICIT_RETAIN_SELF = YES;
				CLANG_WARN_OBJC_LITERAL_CONVERSION = YES;
				CLANG_WARN_OBJC_ROOT_CLASS = YES_ERROR;
				CLANG_WARN_QUOTED_INCLUDE_IN_FRAMEWORK_HEADER = YES;
				CLANG_WARN_RANGE_LOOP_ANALYSIS = YES;
				CLANG_WARN_STRICT_PROTOTYPES = YES;
				CLANG_WARN_SUSPICIOUS_MOVE = YES;
				CLANG_WARN_UNGUARDED_AVAILABILITY = YES_AGGRESSIVE;
				CLANG_WARN_UNREACHABLE_CODE = YES;
				CLANG_WARN__DUPLICATE_METHOD_MATCH = YES;
				COPY_PHASE_STRIP = NO;
				DEBUG_INFORMATION_FORMAT = "dwarf-with-dsym";
				ENABLE_NS_ASSERTIONS = NO;
				ENABLE_STRICT_OBJC_MSGSEND = YES;
				ENABLE_USER_SCRIPT_SANDBOXING = YES;
				GCC_C_LANGUAGE_STANDARD = gnu17;
				GCC_NO_COMMON_BLOCKS = YES;
				GCC_WARN_64_TO_32_BIT_CONVERSION = YES;
				GCC_WARN_ABOUT_RETURN_TYPE = YES_ERROR;
				GCC_WARN_UNDECLARED_SELECTOR = YES;
				GCC_WARN_UNINITIALIZED_AUTOS = YES_AGGRESSIVE;
				GCC_WARN_UNUSED_FUNCTION = YES;
				GCC_WARN_UNUSED_VARIABLE = YES;
				IPHONEOS_DEPLOYMENT_TARGET = 17.0;
				LOCALIZATION_PREFERS_STRING_CATALOGS = YES;
				MTL_ENABLE_DEBUG_INFO = NO;
				MTL_FAST_MATH = YES;
				SDKROOT = iphoneos;
				SWIFT_COMPILATION_MODE = wholemodule;
				VALIDATE_PRODUCT = YES;
			};
			name = Release;
		};
		0A100D012C20000000000001 /* Debug */ = {
			isa = XCBuildConfiguration;
			buildSettings = {
				APS_ENVIRONMENT = development;
				ASSETCATALOG_COMPILER_APPICON_NAME = AppIcon;
				CODE_SIGN_ENTITLEMENTS = Org2Mobile/Org2Mobile.entitlements;
				CODE_SIGN_STYLE = Automatic;
				CURRENT_PROJECT_VERSION = 28;
				DEVELOPMENT_TEAM = 9MW3N969TR;
				GENERATE_INFOPLIST_FILE = NO;
				INFOPLIST_FILE = Org2Mobile/Info.plist;
				INFOPLIST_KEY_CFBundleDisplayName = OpenOrg;
				INFOPLIST_KEY_ITSAppUsesNonExemptEncryption = NO;
				INFOPLIST_KEY_LSSupportsOpeningDocumentsInPlace = YES;
				INFOPLIST_KEY_NSCameraUsageDescription = "Scan Mac pairing codes and attach photos to OpenOrg notes.";
				INFOPLIST_KEY_NSLocalNetworkUsageDescription = "Connect to your paired OpenOrg workspace over Tailscale.";
				INFOPLIST_KEY_NSMicrophoneUsageDescription = "Transcribe voice messages into OpenOrg AI chat drafts.";
				INFOPLIST_KEY_NSPhotoLibraryUsageDescription = "Attach photos to OpenOrg notes.";
				INFOPLIST_KEY_NSSpeechRecognitionUsageDescription = "Transcribe voice messages into OpenOrg AI chat drafts.";
				INFOPLIST_KEY_UIApplicationSceneManifest_Generation = YES;
				INFOPLIST_KEY_UIApplicationSupportsIndirectInputEvents = YES;
				INFOPLIST_KEY_UILaunchStoryboardName = LaunchScreen;
				INFOPLIST_KEY_UISupportedInterfaceOrientations_iPad = "UIInterfaceOrientationPortrait UIInterfaceOrientationPortraitUpsideDown UIInterfaceOrientationLandscapeLeft UIInterfaceOrientationLandscapeRight";
				INFOPLIST_KEY_UISupportedInterfaceOrientations_iPhone = "UIInterfaceOrientationPortrait UIInterfaceOrientationLandscapeLeft UIInterfaceOrientationLandscapeRight";
				INFOPLIST_KEY_UISupportsDocumentBrowser = NO;
				IPHONEOS_DEPLOYMENT_TARGET = 17.0;
				LD_RUNPATH_SEARCH_PATHS = (
					"$(inherited)",
					"@executable_path/Frameworks",
				);
				MARKETING_VERSION = 0.8.0;
				PRODUCT_BUNDLE_IDENTIFIER = org.org2.mobile;
				PRODUCT_NAME = "$(TARGET_NAME)";
				SUPPORTED_PLATFORMS = "iphoneos iphonesimulator";
				SUPPORTS_MACCATALYST = NO;
				SUPPORTS_MAC_DESIGNED_FOR_IPHONE_IPAD = NO;
				SWIFT_EMIT_LOC_STRINGS = YES;
				SWIFT_VERSION = 6.0;
				TARGETED_DEVICE_FAMILY = "1,2";
			};
			name = Debug;
		};
		0A100D022C20000000000001 /* Release */ = {
			isa = XCBuildConfiguration;
			buildSettings = {
				APS_ENVIRONMENT = production;
				ASSETCATALOG_COMPILER_APPICON_NAME = AppIcon;
				CODE_SIGN_ENTITLEMENTS = Org2Mobile/Org2Mobile.entitlements;
				CODE_SIGN_STYLE = Automatic;
				CURRENT_PROJECT_VERSION = 28;
				DEVELOPMENT_TEAM = 9MW3N969TR;
				GENERATE_INFOPLIST_FILE = NO;
				INFOPLIST_FILE = Org2Mobile/Info.plist;
				INFOPLIST_KEY_CFBundleDisplayName = OpenOrg;
				INFOPLIST_KEY_ITSAppUsesNonExemptEncryption = NO;
				INFOPLIST_KEY_LSSupportsOpeningDocumentsInPlace = YES;
				INFOPLIST_KEY_NSCameraUsageDescription = "Scan Mac pairing codes and attach photos to OpenOrg notes.";
				INFOPLIST_KEY_NSLocalNetworkUsageDescription = "Connect to your paired OpenOrg workspace over Tailscale.";
				INFOPLIST_KEY_NSMicrophoneUsageDescription = "Transcribe voice messages into OpenOrg AI chat drafts.";
				INFOPLIST_KEY_NSPhotoLibraryUsageDescription = "Attach photos to OpenOrg notes.";
				INFOPLIST_KEY_NSSpeechRecognitionUsageDescription = "Transcribe voice messages into OpenOrg AI chat drafts.";
				INFOPLIST_KEY_UIApplicationSceneManifest_Generation = YES;
				INFOPLIST_KEY_UIApplicationSupportsIndirectInputEvents = YES;
				INFOPLIST_KEY_UILaunchStoryboardName = LaunchScreen;
				INFOPLIST_KEY_UISupportedInterfaceOrientations_iPad = "UIInterfaceOrientationPortrait UIInterfaceOrientationPortraitUpsideDown UIInterfaceOrientationLandscapeLeft UIInterfaceOrientationLandscapeRight";
				INFOPLIST_KEY_UISupportedInterfaceOrientations_iPhone = "UIInterfaceOrientationPortrait UIInterfaceOrientationLandscapeLeft UIInterfaceOrientationLandscapeRight";
				INFOPLIST_KEY_UISupportsDocumentBrowser = NO;
				IPHONEOS_DEPLOYMENT_TARGET = 17.0;
				LD_RUNPATH_SEARCH_PATHS = (
					"$(inherited)",
					"@executable_path/Frameworks",
				);
				MARKETING_VERSION = 0.8.0;
				PRODUCT_BUNDLE_IDENTIFIER = org.org2.mobile;
				PRODUCT_NAME = "$(TARGET_NAME)";
				SUPPORTED_PLATFORMS = "iphoneos iphonesimulator";
				SUPPORTS_MACCATALYST = NO;
				SUPPORTS_MAC_DESIGNED_FOR_IPHONE_IPAD = NO;
				SWIFT_EMIT_LOC_STRINGS = YES;
				SWIFT_VERSION = 6.0;
				TARGETED_DEVICE_FAMILY = "1,2";
			};
			name = Release;
		};
		0A100D032C20000000000001 /* Debug */ = {
			isa = XCBuildConfiguration;
			buildSettings = {
				APPLICATION_EXTENSION_API_ONLY = YES;
				CODE_SIGN_ENTITLEMENTS = Org2ShareExtension/Org2ShareExtension.entitlements;
				CODE_SIGN_STYLE = Automatic;
				CURRENT_PROJECT_VERSION = 28;
				DEVELOPMENT_TEAM = 9MW3N969TR;
				GENERATE_INFOPLIST_FILE = NO;
				INFOPLIST_FILE = Org2ShareExtension/Info.plist;
				IPHONEOS_DEPLOYMENT_TARGET = 17.0;
				LD_RUNPATH_SEARCH_PATHS = (
					"$(inherited)",
					"@executable_path/Frameworks",
					"@executable_path/../../Frameworks",
				);
				MARKETING_VERSION = 0.8.0;
				PRODUCT_BUNDLE_IDENTIFIER = org.org2.mobile.ShareExtension;
				PRODUCT_NAME = "$(TARGET_NAME)";
				SKIP_INSTALL = YES;
				SUPPORTED_PLATFORMS = "iphoneos iphonesimulator";
				SUPPORTS_MACCATALYST = NO;
				SUPPORTS_MAC_DESIGNED_FOR_IPHONE_IPAD = NO;
				SWIFT_EMIT_LOC_STRINGS = YES;
				SWIFT_VERSION = 6.0;
				TARGETED_DEVICE_FAMILY = "1,2";
			};
			name = Debug;
		};
		0A100D042C20000000000001 /* Release */ = {
			isa = XCBuildConfiguration;
			buildSettings = {
				APPLICATION_EXTENSION_API_ONLY = YES;
				CODE_SIGN_ENTITLEMENTS = Org2ShareExtension/Org2ShareExtension.entitlements;
				CODE_SIGN_STYLE = Automatic;
				CURRENT_PROJECT_VERSION = 28;
				DEVELOPMENT_TEAM = 9MW3N969TR;
				GENERATE_INFOPLIST_FILE = NO;
				INFOPLIST_FILE = Org2ShareExtension/Info.plist;
				IPHONEOS_DEPLOYMENT_TARGET = 17.0;
				LD_RUNPATH_SEARCH_PATHS = (
					"$(inherited)",
					"@executable_path/Frameworks",
					"@executable_path/../../Frameworks",
				);
				MARKETING_VERSION = 0.8.0;
				PRODUCT_BUNDLE_IDENTIFIER = org.org2.mobile.ShareExtension;
				PRODUCT_NAME = "$(TARGET_NAME)";
				SKIP_INSTALL = YES;
				SUPPORTED_PLATFORMS = "iphoneos iphonesimulator";
				SUPPORTS_MACCATALYST = NO;
				SUPPORTS_MAC_DESIGNED_FOR_IPHONE_IPAD = NO;
				SWIFT_EMIT_LOC_STRINGS = YES;
				SWIFT_VERSION = 6.0;
				TARGETED_DEVICE_FAMILY = "1,2";
			};
			name = Release;
		};
/* End XCBuildConfiguration section */

/* Begin XCConfigurationList section */
		0A1007012C20000000000001 /* Build configuration list for PBXNativeTarget "Org2Mobile" */ = {
			isa = XCConfigurationList;
			buildConfigurations = (
				0A100D012C20000000000001 /* Debug */,
				0A100D022C20000000000001 /* Release */,
			);
			defaultConfigurationIsVisible = 0;
			defaultConfigurationName = Release;
		};
		0A1007022C20000000000001 /* Build configuration list for PBXNativeTarget "Org2ShareExtension" */ = {
			isa = XCConfigurationList;
			buildConfigurations = (
				0A100D032C20000000000001 /* Debug */,
				0A100D042C20000000000001 /* Release */,
			);
			defaultConfigurationIsVisible = 0;
			defaultConfigurationName = Release;
		};
		0A100B012C20000000000001 /* Build configuration list for PBXProject "Org2Mobile" */ = {
			isa = XCConfigurationList;
			buildConfigurations = (
				0A100C012C20000000000001 /* Debug */,
				0A100C022C20000000000001 /* Release */,
			);
			defaultConfigurationIsVisible = 0;
			defaultConfigurationName = Release;
		};
/* End XCConfigurationList section */
	};
	rootObject = 0A100A012C20000000000001 /* Project object */;
}
